
Microsoft Visual Studio Solution File, Format Version 12.00
# Visual Studio Version 17
VisualStudioVersion = 17.14.37027.9
MinimumVisualStudioVersion = 10.0.40219.1
Project("{FAE04EC0-301F-11D3-BF4B-00C04F79EFBC}") = "BaltikaApp.Wpf", "BaltikaApp.Wpf\BaltikaApp.Wpf.csproj", "{4F88DAB7-08C8-417D-B9D3-04DAB522F889}"
EndProject
Global
	GlobalSection(SolutionConfigurationPlatforms) = preSolution
		Debug|Any CPU = Debug|Any CPU
		Release|Any CPU = Release|Any CPU
	EndGlobalSection
	GlobalSection(ProjectConfigurationPlatforms) = postSolution
		{4F88DAB7-08C8-417D-B9D3-04DAB522F889}.Debug|Any CPU.ActiveCfg = Debug|Any CPU
		{4F88DAB7-08C8-417D-B9D3-04DAB522F889}.Debug|Any CPU.Build.0 = Debug|Any CPU
		{4F88DAB7-08C8-417D-B9D3-04DAB522F889}.Release|Any CPU.ActiveCfg = Release|Any CPU
		{4F88DAB7-08C8-417D-B9D3-04DAB522F889}.Release|Any CPU.Build.0 = Release|Any CPU
	EndGlobalSection
	GlobalSection(SolutionProperties) = preSolution
		HideSolutionNode = FALSE
	EndGlobalSection
	GlobalSection(ExtensibilityGlobals) = postSolution
		SolutionGuid = {D5C728F7-B02A-4575-98C6-E72EF1FBDDCB}
	EndGlobalSection
EndGlobal
